# This file is machine-generated by `gh actions-lock`.
# Do not edit by hand; run `gh actions-lock` to update.
# Docs: https://gh.io/actions-lockfile
version: 'v0.0.2'
workflows:
    '.github/workflows/abi-verify.yml':
        - 'actions/checkout@v7.0.1'
    '.github/workflows/codeql.yml':
        - 'actions/checkout@v7.0.1'
        - 'github/codeql-action@v4.37.8'
    '.github/workflows/coq-build.yml':
        - 'actions/checkout@v7.0.1'
    '.github/workflows/ffi-seams.yml':
        - 'actions/checkout@v7.0.1'
        - 'mlugg/setup-zig@v2.2.1'
    '.github/workflows/governance.yml': []
    '.github/workflows/hypatia-scan.yml': []
    '.github/workflows/instant-sync.yml':
        - 'peter-evans/repository-dispatch@v4.0.1'
    '.github/workflows/label-triage.yml': []
    '.github/workflows/labels.yml': []
    '.github/workflows/mirror.yml': []
    '.github/workflows/push-email-notify.yml':
        - 'dawidd6/action-send-mail@v18'
    '.github/workflows/rust-ci.yml':
        - 'actions/checkout@v7.0.1'
        - 'dtolnay/rust-toolchain@v1'
        - 'swatinem/rust-cache@v2.9.2'
    '.github/workflows/scorecard.yml': []
    '.github/workflows/secret-scanner.yml': []
    '.github/workflows/status-gate.yml':
        - 'actions/checkout@v7.0.1'
        - 'dtolnay/rust-toolchain@v1'
        - 'swatinem/rust-cache@v2.9.2'
dependencies:
    'actions/checkout@v7.0.1':
        ref: 'v7.0.1'
        commit: 'sha1-3d3c42e5aac5ba805825da76410c181273ba90b1'
        owner_id: 44036562
        repo_id: 197814629
    'dawidd6/action-send-mail@v18':
        ref: 'v18'
        commit: 'sha1-94de994a9f6fffee200243214e17002e2920bb59'
        owner_id: 9713907
        repo_id: 222439721
    'dtolnay/rust-toolchain@v1':
        ref: 'v1'
        commit: 'sha1-6c977a6ca4077a0ceb28ffbe03f59d46e9ac8772'
        owner_id: 1940490
        repo_id: 260749683
    'github/codeql-action@v4.37.8':
        ref: 'v4.37.8'
        commit: 'sha1-db488ddef3bf6cb639b32c2e9a7c0a7ea8271d28'
        owner_id: 9919
        repo_id: 259445878
    'mlugg/setup-zig@v2.2.1':
        ref: 'v2.2.1'
        commit: 'sha1-d1434d08867e3ee9daa34448df10607b98908d29'
        owner_id: 7289241
        repo_id: 812112570
    'peter-evans/repository-dispatch@v4.0.1':
        ref: 'v4.0.1'
        commit: 'sha1-28959ce8df70de7be546dd1250a005dd32156697'
        owner_id: 18365890
        repo_id: 220359305
    'swatinem/rust-cache@v2.9.2':
        ref: 'v2.9.2'
        commit: 'sha1-6323deb102c322ba6fcbdcafc7e3dddab59af2b6'
        owner_id: 580492
        repo_id: 298565987
